
Microsoft Visual Studio Solution File, Format Version 12.00
# Visual Studio Version 17
VisualStudioVersion = 17.14.36603.0 d17.14
MinimumVisualStudioVersion = 10.0.40219.1
Project("{FAE04EC0-301F-11D3-BF4B-00C04F79EFBC}") = "TicketsCampus.Data", "TicketsCampus.Data\TicketsCampus.Data.csproj", "{93D0233A-7D68-4C09-950A-A9035D9CA8C5}"
EndProject
Project("{FAE04EC0-301F-11D3-BF4B-00C04F79EFBC}") = "TicketsCampus.Service", "Service\TicketsCampus.Service.csproj", "{84BB7FE7-C0C8-4D62-9392-EC8AA9232834}"
EndProject
Project("{FAE04EC0-301F-11D3-BF4B-00C04F79EFBC}") = "TicketsCampus.ApiMinimal", "TicketsCampus.ApiMinimal\TicketsCampus.ApiMinimal.csproj", "{033D5107-1C9F-4C7F-B595-FF1F19E3B846}"
EndProject
Global
	GlobalSection(SolutionConfigurationPlatforms) = preSolution
		Debug|Any CPU = Debug|Any CPU
		Release|Any CPU = Release|Any CPU
	EndGlobalSection
	GlobalSection(ProjectConfigurationPlatforms) = postSolution
		{93D0233A-7D68-4C09-950A-A9035D9CA8C5}.Debug|Any CPU.ActiveCfg = Debug|Any CPU
		{93D0233A-7D68-4C09-950A-A9035D9CA8C5}.Debug|Any CPU.Build.0 = Debug|Any CPU
		{93D0233A-7D68-4C09-950A-A9035D9CA8C5}.Release|Any CPU.ActiveCfg = Release|Any CPU
		{93D0233A-7D68-4C09-950A-A9035D9CA8C5}.Release|Any CPU.Build.0 = Release|Any CPU
		{84BB7FE7-C0C8-4D62-9392-EC8AA9232834}.Debug|Any CPU.ActiveCfg = Debug|Any CPU
		{84BB7FE7-C0C8-4D62-9392-EC8AA9232834}.Debug|Any CPU.Build.0 = Debug|Any CPU
		{84BB7FE7-C0C8-4D62-9392-EC8AA9232834}.Release|Any CPU.ActiveCfg = Release|Any CPU
		{84BB7FE7-C0C8-4D62-9392-EC8AA9232834}.Release|Any CPU.Build.0 = Release|Any CPU
		{033D5107-1C9F-4C7F-B595-FF1F19E3B846}.Debug|Any CPU.ActiveCfg = Debug|Any CPU
		{033D5107-1C9F-4C7F-B595-FF1F19E3B846}.Debug|Any CPU.Build.0 = Debug|Any CPU
		{033D5107-1C9F-4C7F-B595-FF1F19E3B846}.Release|Any CPU.ActiveCfg = Release|Any CPU
		{033D5107-1C9F-4C7F-B595-FF1F19E3B846}.Release|Any CPU.Build.0 = Release|Any CPU
	EndGlobalSection
	GlobalSection(SolutionProperties) = preSolution
		HideSolutionNode = FALSE
	EndGlobalSection
	GlobalSection(ExtensibilityGlobals) = postSolution
		SolutionGuid = {F2F72EC3-7013-4E15-B74C-81B38633507A}
	EndGlobalSection
EndGlobal
